// !$*UTF8*$!
{
	archiveVersion = 1;
	classes = {
	};
	objectVersion = 55;
	objects = {

/* Begin PBXBuildFile section */
		6D4D666A283F827A00836B56 /* Third.storyboard in Resources */ = {isa = PBXBuildFile; fileRef = 6D4D6669283F827A00836B56 /* Third.storyboard */; };
		6D4D666C283F829300836B56 /* ThirdViewController.swift in Sources */ = {isa = PBXBuildFile; fileRef = 6D4D666B283F829300836B56 /* ThirdViewController.swift */; };
		6DBBB076283EC59E009DFA14 /* AppDelegate.swift in Sources */ = {isa = PBXBuildFile; fileRef = 6DBBB075283EC59E009DFA14 /* AppDelegate.swift */; };
		6DBBB078283EC59E009DFA14 /* SceneDelegate.swift in Sources */ = {isa = PBXBuildFile; fileRef = 6DBBB077283EC59E009DFA14 /* SceneDelegate.swift */; };
		6DBBB07A283EC59E009DFA14 /* ViewController.swift in Sources */ = {isa = PBXBuildFile; fileRef = 6DBBB079283EC59E009DFA14 /* ViewController.swift */; };
		6DBBB07D283EC59E009DFA14 /* Main.storyboard in Resources */ = {isa = PBXBuildFile; fileRef = 6DBBB07B283EC59E009DFA14 /* Main.storyboard */; };
		6DBBB07F283EC59F009DFA14 /* Assets.xcassets in Resources */ = {isa = PBXBuildFile; fileRef = 6DBBB07E283EC59F009DFA14 /* Assets.xcassets */; };
		6DBBB082283EC59F009DFA14 /* LaunchScreen.storyboard in Resources */ = {isa = PBXBuildFile; fileRef = 6DBBB080283EC59F009DFA14 /* LaunchScreen.storyboard */; };
		6DBBB08A283EC658009DFA14 /* Second.storyboard in Resources */ = {isa = PBXBuildFile; fileRef = 6DBBB089283EC658009DFA14 /* Second.storyboard */; };
		6DBBB08C283EC699009DFA14 /* SecondViewController.swift in Sources */ = {isa = PBXBuildFile; fileRef = 6DBBB08B283EC699009DFA14 /* SecondViewController.swift */; };
/* End PBXBuildFile section */

/* Begin PBXFileReference section */
		6D4D6669283F827A00836B56 /* Third.storyboard */ = {isa = PBXFileReference; lastKnownFileType = file.storyboard; path = Third.storyboard; sourceTree = "<group>"; };
		6D4D666B283F829300836B56 /* ThirdViewController.swift */ = {isa = PBXFileReference; lastKnownFileType = sourcecode.swift; path = ThirdViewController.swift; sourceTree = "<group>"; };
		6DBBB072283EC59E009DFA14 /* HomeWork_5.app */ = {isa = PBXFileReference; explicitFileType = wrapper.application; includeInIndex = 0; path = HomeWork_5.app; sourceTree = BUILT_PRODUCTS_DIR; };
		6DBBB075283EC59E009DFA14 /* AppDelegate.swift */ = {isa = PBXFileReference; lastKnownFileType = sourcecode.swift; path = AppDelegate.swift; sourceTree = "<group>"; };
		6DBBB077283EC59E009DFA14 /* SceneDelegate.swift */ = {isa = PBXFileReference; lastKnownFileType = sourcecode.swift; path = SceneDelegate.swift; sourceTree = "<group>"; };
		6DBBB079283EC59E009DFA14 /* ViewController.swift */ = {isa = PBXFileReference; lastKnownFileType = sourcecode.swift; path = ViewController.swift; sourceTree = "<group>"; };
		6DBBB07C283EC59E009DFA14 /* Base */ = {isa = PBXFileReference; lastKnownFileType = file.storyboard; name = Base; path = Base.lproj/Main.storyboard; sourceTree = "<group>"; };
		6DBBB07E283EC59F009DFA14 /* Assets.xcassets */ = {isa = PBXFileReference; lastKnownFileType = folder.assetcatalog; path = Assets.xcassets; sourceTree = "<group>"; };
		6DBBB081283EC59F009DFA14 /* Base */ = {isa = PBXFileReference; lastKnownFileType = file.storyboard; name = Base; path = Base.lproj/LaunchScreen.storyboard; sourceTree = "<group>"; };
		6DBBB083283EC59F009DFA14 /* Info.plist */ = {isa = PBXFileReference; lastKnownFileType = text.plist.xml; path = Info.plist; sourceTree = "<group>"; };
		6DBBB089283EC658009DFA14 /* Second.storyboard */ = {isa = PBXFileReference; lastKnownFileType = file.storyboard; path = Second.storyboard; sourceTree = "<group>"; };
		6DBBB08B283EC699009DFA14 /* SecondViewController.swift */ = {isa = PBXFileReference; lastKnownFileType = sourcecode.swift; path = SecondViewController.swift; sourceTree = "<group>"; };
/* End PBXFileReference section */

/* Begin PBXFrameworksBuildPhase section */
		6DBBB06F283EC59E009DFA14 /* Frameworks */ = {
			isa = PBXFrameworksBuildPhase;
			buildActionMask = 2147483647;
			files = (
			);
			runOnlyForDeploymentPostprocessing = 0;
		};
/* End PBXFrameworksBuildPhase section */

/* Begin PBXGroup section */
		6DBBB069283EC59E009DFA14 = {
			isa = PBXGroup;
			children = (
				6DBBB074283EC59E009DFA14 /* HomeWork_5 */,
				6DBBB073283EC59E009DFA14 /* Products */,
			);
			sourceTree = "<group>";
		};
		6DBBB073283EC59E009DFA14 /* Products */ = {
			isa = PBXGroup;
			children = (
				6DBBB072283EC59E009DFA14 /* HomeWork_5.app */,
			);
			name = Products;
			sourceTree = "<group>";
		};
		6DBBB074283EC59E009DFA14 /* HomeWork_5 */ = {
			isa = PBXGroup;
			children = (
				6DBBB075283EC59E009DFA14 /* AppDelegate.swift */,
				6DBBB077283EC59E009DFA14 /* SceneDelegate.swift */,
				6DBBB079283EC59E009DFA14 /* ViewController.swift */,
				6DBBB08B283EC699009DFA14 /* SecondViewController.swift */,
				6D4D666B283F829300836B56 /* ThirdViewController.swift */,
				6DBBB07B283EC59E009DFA14 /* Main.storyboard */,
				6DBBB089283EC658009DFA14 /* Second.storyboard */,
				6D4D6669283F827A00836B56 /* Third.storyboard */,
				6DBBB07E283EC59F009DFA14 /* Assets.xcassets */,
				6DBBB080283EC59F009DFA14 /* LaunchScreen.storyboard */,
				6DBBB083283EC59F009DFA14 /* Info.plist */,
			);
			path = HomeWork_5;
			sourceTree = "<group>";
		};
/* End PBXGroup section */

/* Begin PBXNativeTarget section */
		6DBBB071283EC59E009DFA14 /* HomeWork_5 */ = {
			isa = PBXNativeTarget;
			buildConfigurationList = 6DBBB086283EC59F009DFA14 /* Build configuration list for PBXNativeTarget "HomeWork_5" */;
			buildPhases = (
				6DBBB06E283EC59E009DFA14 /* Sources */,
				6DBBB06F283EC59E009DFA14 /* Frameworks */,
				6DBBB070283EC59E009DFA14 /* Resources */,
			);
			buildRules = (
			);
			dependencies = (
			);
			name = HomeWork_5;
			productName = HomeWork_5;
			productReference = 6DBBB072283EC59E009DFA14 /* HomeWork_5.app */;
			productType = "com.apple.product-type.application";
		};
/* End PBXNativeTarget section */

/* Begin PBXProject section */
		6DBBB06A283EC59E009DFA14 /* Project object */ = {
			isa = PBXProject;
			attributes = {
				BuildIndependentTargetsInParallel = 1;
				LastSwiftUpdateCheck = 1340;
				LastUpgradeCheck = 1340;
				TargetAttributes = {
					6DBBB071283EC59E009DFA14 = {
						CreatedOnToolsVersion = 13.4;
					};
				};
			};
			buildConfigurationList = 6DBBB06D283EC59E009DFA14 /* Build configuration list for PBXProject "HomeWork_5" */;
			compatibilityVersion = "Xcode 13.0";
			developmentRegion = en;
			hasScannedForEncodings = 0;
			knownRegions = (
				en,
				Base,
			);
			mainGroup = 6DBBB069283EC59E009DFA14;
			productRefGroup = 6DBBB073283EC59E009DFA14 /* Products */;
			projectDirPath = "";
			projectRoot = "";
			targets = (
				6DBBB071283EC59E009DFA14 /* HomeWork_5 */,
			);
		};
/* End PBXProject section */

/* Begin PBXResourcesBuildPhase section */
		6DBBB070283EC59E009DFA14 /* Resources */ = {
			isa = PBXResourcesBuildPhase;
			buildActionMask = 2147483647;
			files = (
				6DBBB08A283EC658009DFA14 /* Second.storyboard in Resources */,
				6DBBB082283EC59F009DFA14 /* LaunchScreen.storyboard in Resources */,
				6DBBB07F283EC59F009DFA14 /* Assets.xcassets in Resources */,
				6DBBB07D283EC59E009DFA14 /* Main.storyboard in Resources */,
				6D4D666A283F827A00836B56 /* Third.storyboard in Resources */,
			);
			runOnlyForDeploymentPostprocessing = 0;
		};
/* End PBXResourcesBuildPhase section */

/* Begin PBXSourcesBuildPhase section */
		6DBBB06E283EC59E009DFA14 /* Sources */ = {
			isa = PBXSourcesBuildPhase;
			buildActionMask = 2147483647;
			files = (
				6DBBB08C283EC699009DFA14 /* SecondViewController.swift in Sources */,
				6DBBB07A283EC59E009DFA14 /* ViewController.swift in Sources */,
				6D4D666C283F829300836B56 /* ThirdViewController.swift in Sources */,
				6DBBB076283EC59E009DFA14 /* AppDelegate.swift in Sources */,
				6DBBB078283EC59E009DFA14 /* SceneDelegate.swift in Sources */,
			);
			runOnlyForDeploymentPostprocessing = 0;
		};
/* End PBXSourcesBuildPhase section */

/* Begin PBXVariantGroup section */
		6DBBB07B283EC59E009DFA14 /* Main.storyboard */ = {
			isa = PBXVariantGroup;
			children = (
				6DBBB07C283EC59E009DFA14 /* Base */,
			);
			name = Main.storyboard;
			sourceTree = "<group>";
		};
		6DBBB080283EC59F009DFA14 /* LaunchScreen.storyboard */ = {
			isa = PBXVariantGroup;
			children = (
				6DBBB081283EC59F009DFA14 /* Base */,
			);
			name = LaunchScreen.storyboard;
			sourceTree = "<group>";
		};
/* End PBXVariantGroup section */

/* Begin XCBuildConfiguration section */
		6DBBB084283EC59F009DFA14 /* Debug */ = {
			isa = XCBuildConfiguration;
			buildSettings = {
				ALWAYS_SEARCH_USER_PATHS = NO;
				CLANG_ANALYZER_NONNULL = YES;
				CLANG_ANALYZER_NUMBER_OBJECT_CONVERSION = YES_AGGRESSIVE;
				CLANG_CXX_LANGUAGE_STANDARD = "gnu++17";
				CLANG_ENABLE_MODULES = YES;
				CLANG_ENABLE_OBJC_ARC = YES;
				CLANG_ENABLE_OBJC_WEAK = YES;
				CLANG_WARN_BLOCK_CAPTURE_AUTORELEASING = YES;
				CLANG_WARN_BOOL_CONVERSION = YES;
				CLANG_WARN_COMMA = YES;
				CLANG_WARN_CONSTANT_CONVERSION = YES;
				CLANG_WARN_DEPRECATED_OBJC_IMPLEMENTATIONS = YES;
				CLANG_WARN_DIRECT_OBJC_ISA_USAGE = YES_ERROR;
				CLANG_WARN_DOCUMENTATION_COMMENTS = YES;
				CLANG_WARN_EMPTY_BODY = YES;
				CLANG_WARN_ENUM_CONVERSION = YES;
				CLANG_WARN_INFINITE_RECURSION = YES;
				CLANG_WARN_INT_CONVERSION = YES;
				CLANG_WARN_NON_LITERAL_NULL_CONVERSION = YES;
				CLANG_WARN_OBJC_IMPLICIT_RETAIN_SELF = YES;
				CLANG_WARN_OBJC_LITERAL_CONVERSION = YES;
				CLANG_WARN_OBJC_ROOT_CLASS = YES_ERROR;
				CLANG_WARN_QUOTED_INCLUDE_IN_FRAMEWORK_HEADER = YES;
				CLANG_WARN_RANGE_LOOP_ANALYSIS = YES;
				CLANG_WARN_STRICT_PROTOTYPES = YES;
				CLANG_WARN_SUSPICIOUS_MOVE = YES;
				CLANG_WARN_UNGUARDED_AVAILABILITY = YES_AGGRESSIVE;
				CLANG_WARN_UNREACHABLE_CODE = YES;
				CLANG_WARN__DUPLICATE_METHOD_MATCH = YES;
				COPY_PHASE_STRIP = NO;
				DEBUG_INFORMATION_FORMAT = dwarf;
				ENABLE_STRICT_OBJC_MSGSEND = YES;
				ENABLE_TESTABILITY = YES;
				GCC_C_LANGUAGE_STANDARD = gnu11;
				GCC_DYNAMIC_NO_PIC = NO;
				GCC_NO_COMMON_BLOCKS = YES;
				GCC_OPTIMIZATION_LEVEL = 0;
				GCC_PREPROCESSOR_DEFINITIONS = (
					"DEBUG=1",
					"$(inherited)",
				);
				GCC_WARN_64_TO_32_BIT_CONVERSION = YES;
				GCC_WARN_ABOUT_RETURN_TYPE = YES_ERROR;
				GCC_WARN_UNDECLARED_SELECTOR = YES;
				GCC_WARN_UNINITIALIZED_AUTOS = YES_AGGRESSIVE;
				GCC_WARN_UNUSED_FUNCTION = YES;
				GCC_WARN_UNUSED_VARIABLE = YES;
				IPHONEOS_DEPLOYMENT_TARGET = 13.0;
				MTL_ENABLE_DEBUG_INFO = INCLUDE_SOURCE;
				MTL_FAST_MATH = YES;
				ONLY_ACTIVE_ARCH = YES;
				SDKROOT = iphoneos;
				SWIFT_ACTIVE_COMPILATION_CONDITIONS = DEBUG;
				SWIFT_OPTIMIZATION_LEVEL = "-Onone";
			};
			name = Debug;
		};
		6DBBB085283EC59F009DFA14 /* Release */ = {
			isa = XCBuildConfiguration;
			buildSettings = {
				ALWAYS_SEARCH_USER_PATHS = NO;
				CLANG_ANALYZER_NONNULL = YES;
				CLANG_ANALYZER_NUMBER_OBJECT_CONVERSION = YES_AGGRESSIVE;
				CLANG_CXX_LANGUAGE_STANDARD = "gnu++17";
				CLANG_ENABLE_MODULES = YES;
				CLANG_ENABLE_OBJC_ARC = YES;
				CLANG_ENABLE_OBJC_WEAK = YES;
				CLANG_WARN_BLOCK_CAPTURE_AUTORELEASING = YES;
				CLANG_WARN_BOOL_CONVERSION = YES;
				CLANG_WARN_COMMA = YES;
				CLANG_WARN_CONSTANT_CONVERSION = YES;
				CLANG_WARN_DEPRECATED_OBJC_IMPLEMENTATIONS = YES;
				CLANG_WARN_DIRECT_OBJC_ISA_USAGE = YES_ERROR;
				CLANG_WARN_DOCUMENTATION_COMMENTS = YES;
				CLANG_WARN_EMPTY_BODY = YES;
				CLANG_WARN_ENUM_CONVERSION = YES;
				CLANG_WARN_INFINITE_RECURSION = YES;
				CLANG_WARN_INT_CONVERSION = YES;
				CLANG_WARN_NON_LITERAL_NULL_CONVERSION = YES;
				CLANG_WARN_OBJC_IMPLICIT_RETAIN_SELF = YES;
				CLANG_WARN_OBJC_LITERAL_CONVERSION = YES;
				CLANG_WARN_OBJC_ROOT_CLASS = YES_ERROR;
				CLANG_WARN_QUOTED_INCLUDE_IN_FRAMEWORK_HEADER = YES;
				CLANG_WARN_RANGE_LOOP_ANALYSIS = YES;
				CLANG_WARN_STRICT_PROTOTYPES = YES;
				CLANG_WARN_SUSPICIOUS_MOVE = YES;
				CLANG_WARN_UNGUARDED_AVAILABILITY = YES_AGGRESSIVE;
				CLANG_WARN_UNREACHABLE_CODE = YES;
				CLANG_WARN__DUPLICATE_METHOD_MATCH = YES;
				COPY_PHASE_STRIP = NO;
				DEBUG_INFORMATION_FORMAT = "dwarf-with-dsym";
				ENABLE_NS_ASSERTIONS = NO;
				ENABLE_STRICT_OBJC_MSGSEND = YES;
				GCC_C_LANGUAGE_STANDARD = gnu11;
				GCC_NO_COMMON_BLOCKS = YES;
				GCC_WARN_64_TO_32_BIT_CONVERSION = YES;
				GCC_WARN_ABOUT_RETURN_TYPE = YES_ERROR;
				GCC_WARN_UNDECLARED_SELECTOR = YES;
				GCC_WARN_UNINITIALIZED_AUTOS = YES_AGGRESSIVE;
				GCC_WARN_UNUSED_FUNCTION = YES;
				GCC_WARN_UNUSED_VARIABLE = YES;
				IPHONEOS_DEPLOYMENT_TARGET = 13.0;
				MTL_ENABLE_DEBUG_INFO = NO;
				MTL_FAST_MATH = YES;
				SDKROOT = iphoneos;
				SWIFT_COMPILATION_MODE = wholemodule;
				SWIFT_OPTIMIZATION_LEVEL = "-O";
				VALIDATE_PRODUCT = YES;
			};
			name = Release;
		};
		6DBBB087283EC59F009DFA14 /* Debug */ = {
			isa = XCBuildConfiguration;
			buildSettings = {
				ASSETCATALOG_COMPILER_APPICON_NAME = AppIcon;
				ASSETCATALOG_COMPILER_GLOBAL_ACCENT_COLOR_NAME = AccentColor;
				CODE_SIGN_STYLE = Automatic;
				CURRENT_PROJECT_VERSION = 1;
				DEVELOPMENT_TEAM = G7XKHBTD53;
				GENERATE_INFOPLIST_FILE = YES;
				INFOPLIST_FILE = HomeWork_5/Info.plist;
				INFOPLIST_KEY_UIApplicationSupportsIndirectInputEvents = YES;
				INFOPLIST_KEY_UILaunchStoryboardName = LaunchScreen;
				INFOPLIST_KEY_UIMainStoryboardFile = Main;
				INFOPLIST_KEY_UISupportedInterfaceOrientations_iPad = "UIInterfaceOrientationPortrait UIInterfaceOrientationPortraitUpsideDown UIInterfaceOrientationLandscapeLeft UIInterfaceOrientationLandscapeRight";
				INFOPLIST_KEY_UISupportedInterfaceOrientations_iPhone = "UIInterfaceOrientationPortrait UIInterfaceOrientationLandscapeLeft UIInterfaceOrientationLandscapeRight";
				LD_RUNPATH_SEARCH_PATHS = (
					"$(inherited)",
					"@executable_path/Frameworks",
				);
				MARKETING_VERSION = 1.0;
				PRODUCT_BUNDLE_IDENTIFIER = "Nikita-Pishchugin.HomeWork-5";
				PRODUCT_NAME = "$(TARGET_NAME)";
				SWIFT_EMIT_LOC_STRINGS = YES;
				SWIFT_VERSION = 5.0;
				TARGETED_DEVICE_FAMILY = "1,2";
			};
			name = Debug;
		};
		6DBBB088283EC59F009DFA14 /* Release */ = {
			isa = XCBuildConfiguration;
			buildSettings = {
				ASSETCATALOG_COMPILER_APPICON_NAME = AppIcon;
				ASSETCATALOG_COMPILER_GLOBAL_ACCENT_COLOR_NAME = AccentColor;
				CODE_SIGN_STYLE = Automatic;
				CURRENT_PROJECT_VERSION = 1;
				DEVELOPMENT_TEAM = G7XKHBTD53;
				GENERATE_INFOPLIST_FILE = YES;
				INFOPLIST_FILE = HomeWork_5/Info.plist;
				INFOPLIST_KEY_UIApplicationSupportsIndirectInputEvents = YES;
				INFOPLIST_KEY_UILaunchStoryboardName = LaunchScreen;
				INFOPLIST_KEY_UIMainStoryboardFile = Main;
				INFOPLIST_KEY_UISupportedInterfaceOrientations_iPad = "UIInterfaceOrientationPortrait UIInterfaceOrientationPortraitUpsideDown UIInterfaceOrientationLandscapeLeft UIInterfaceOrientationLandscapeRight";
				INFOPLIST_KEY_UISupportedInterfaceOrientations_iPhone = "UIInterfaceOrientationPortrait UIInterfaceOrientationLandscapeLeft UIInterfaceOrientationLandscapeRight";
				LD_RUNPATH_SEARCH_PATHS = (
					"$(inherited)",
					"@executable_path/Frameworks",
				);
				MARKETING_VERSION = 1.0;
				PRODUCT_BUNDLE_IDENTIFIER = "Nikita-Pishchugin.HomeWork-5";
				PRODUCT_NAME = "$(TARGET_NAME)";
				SWIFT_EMIT_LOC_STRINGS = YES;
				SWIFT_VERSION = 5.0;
				TARGETED_DEVICE_FAMILY = "1,2";
			};
			name = Release;
		};
/* End XCBuildConfiguration section */

/* Begin XCConfigurationList section */
		6DBBB06D283EC59E009DFA14 /* Build configuration list for PBXProject "HomeWork_5" */ = {
			isa = XCConfigurationList;
			buildConfigurations = (
				6DBBB084283EC59F009DFA14 /* Debug */,
				6DBBB085283EC59F009DFA14 /* Release */,
			);
			defaultConfigurationIsVisible = 0;
			defaultConfigurationName = Release;
		};
		6DBBB086283EC59F009DFA14 /* Build configuration list for PBXNativeTarget "HomeWork_5" */ = {
			isa = XCConfigurationList;
			buildConfigurations = (
				6DBBB087283EC59F009DFA14 /* Debug */,
				6DBBB088283EC59F009DFA14 /* Release */,
			);
			defaultConfigurationIsVisible = 0;
			defaultConfigurationName = Release;
		};
/* End XCConfigurationList section */
	};
	rootObject = 6DBBB06A283EC59E009DFA14 /* Project object */;
}
