// !$*UTF8*$!
{
	archiveVersion = 1;
	classes = {
	};
	objectVersion = 55;
	objects = {

/* Begin PBXBuildFile section */
		6D14CC0A2859CEB7003133CE /* ImageModel.swift in Sources */ = {isa = PBXBuildFile; fileRef = 6D14CC092859CEB7003133CE /* ImageModel.swift */; };
		6D560E002858EB510024F4AD /* CaruselViewController.swift in Sources */ = {isa = PBXBuildFile; fileRef = 6D560DFF2858EB510024F4AD /* CaruselViewController.swift */; };
		6D560E042858EB6C0024F4AD /* Carusel.storyboard in Resources */ = {isa = PBXBuildFile; fileRef = 6D560E032858EB6C0024F4AD /* Carusel.storyboard */; };
		6DB8DC1D28588FB900AB0659 /* AppDelegate.swift in Sources */ = {isa = PBXBuildFile; fileRef = 6DB8DC1C28588FB900AB0659 /* AppDelegate.swift */; };
		6DB8DC1F28588FB900AB0659 /* SceneDelegate.swift in Sources */ = {isa = PBXBuildFile; fileRef = 6DB8DC1E28588FB900AB0659 /* SceneDelegate.swift */; };
		6DB8DC2128588FB900AB0659 /* CircleViewController.swift in Sources */ = {isa = PBXBuildFile; fileRef = 6DB8DC2028588FB900AB0659 /* CircleViewController.swift */; };
		6DB8DC2428588FB900AB0659 /* Main.storyboard in Resources */ = {isa = PBXBuildFile; fileRef = 6DB8DC2228588FB900AB0659 /* Main.storyboard */; };
		6DB8DC2628588FBA00AB0659 /* Assets.xcassets in Resources */ = {isa = PBXBuildFile; fileRef = 6DB8DC2528588FBA00AB0659 /* Assets.xcassets */; };
		6DB8DC2928588FBA00AB0659 /* LaunchScreen.storyboard in Resources */ = {isa = PBXBuildFile; fileRef = 6DB8DC2728588FBA00AB0659 /* LaunchScreen.storyboard */; };
/* End PBXBuildFile section */

/* Begin PBXFileReference section */
		6D14CC092859CEB7003133CE /* ImageModel.swift */ = {isa = PBXFileReference; lastKnownFileType = sourcecode.swift; path = ImageModel.swift; sourceTree = "<group>"; };
		6D560DFF2858EB510024F4AD /* CaruselViewController.swift */ = {isa = PBXFileReference; lastKnownFileType = sourcecode.swift; path = CaruselViewController.swift; sourceTree = "<group>"; };
		6D560E032858EB6C0024F4AD /* Carusel.storyboard */ = {isa = PBXFileReference; lastKnownFileType = file.storyboard; path = Carusel.storyboard; sourceTree = "<group>"; };
		6DB8DC1928588FB900AB0659 /* HomeWork_10.app */ = {isa = PBXFileReference; explicitFileType = wrapper.application; includeInIndex = 0; path = HomeWork_10.app; sourceTree = BUILT_PRODUCTS_DIR; };
		6DB8DC1C28588FB900AB0659 /* AppDelegate.swift */ = {isa = PBXFileReference; lastKnownFileType = sourcecode.swift; path = AppDelegate.swift; sourceTree = "<group>"; };
		6DB8DC1E28588FB900AB0659 /* SceneDelegate.swift */ = {isa = PBXFileReference; lastKnownFileType = sourcecode.swift; path = SceneDelegate.swift; sourceTree = "<group>"; };
		6DB8DC2028588FB900AB0659 /* CircleViewController.swift */ = {isa = PBXFileReference; lastKnownFileType = sourcecode.swift; path = CircleViewController.swift; sourceTree = "<group>"; };
		6DB8DC2328588FB900AB0659 /* Base */ = {isa = PBXFileReference; lastKnownFileType = file.storyboard; name = Base; path = Base.lproj/Main.storyboard; sourceTree = "<group>"; };
		6DB8DC2528588FBA00AB0659 /* Assets.xcassets */ = {isa = PBXFileReference; lastKnownFileType = folder.assetcatalog; path = Assets.xcassets; sourceTree = "<group>"; };
		6DB8DC2828588FBA00AB0659 /* Base */ = {isa = PBXFileReference; lastKnownFileType = file.storyboard; name = Base; path = Base.lproj/LaunchScreen.storyboard; sourceTree = "<group>"; };
		6DB8DC2A28588FBA00AB0659 /* Info.plist */ = {isa = PBXFileReference; lastKnownFileType = text.plist.xml; path = Info.plist; sourceTree = "<group>"; };
/* End PBXFileReference section */

/* Begin PBXFrameworksBuildPhase section */
		6DB8DC1628588FB900AB0659 /* Frameworks */ = {
			isa = PBXFrameworksBuildPhase;
			buildActionMask = 2147483647;
			files = (
			);
			runOnlyForDeploymentPostprocessing = 0;
		};
/* End PBXFrameworksBuildPhase section */

/* Begin PBXGroup section */
		6D560DFE2858EB370024F4AD /* First */ = {
			isa = PBXGroup;
			children = (
				6DB8DC2028588FB900AB0659 /* CircleViewController.swift */,
				6DB8DC2228588FB900AB0659 /* Main.storyboard */,
			);
			path = First;
			sourceTree = "<group>";
		};
		6D560E052858EB720024F4AD /* Third */ = {
			isa = PBXGroup;
			children = (
				6D14CC092859CEB7003133CE /* ImageModel.swift */,
				6D560DFF2858EB510024F4AD /* CaruselViewController.swift */,
				6D560E032858EB6C0024F4AD /* Carusel.storyboard */,
			);
			path = Third;
			sourceTree = "<group>";
		};
		6DB8DC1028588FB900AB0659 = {
			isa = PBXGroup;
			children = (
				6DB8DC1B28588FB900AB0659 /* HomeWork_10 */,
				6DB8DC1A28588FB900AB0659 /* Products */,
			);
			sourceTree = "<group>";
		};
		6DB8DC1A28588FB900AB0659 /* Products */ = {
			isa = PBXGroup;
			children = (
				6DB8DC1928588FB900AB0659 /* HomeWork_10.app */,
			);
			name = Products;
			sourceTree = "<group>";
		};
		6DB8DC1B28588FB900AB0659 /* HomeWork_10 */ = {
			isa = PBXGroup;
			children = (
				6DB8DC1C28588FB900AB0659 /* AppDelegate.swift */,
				6DB8DC1E28588FB900AB0659 /* SceneDelegate.swift */,
				6D560DFE2858EB370024F4AD /* First */,
				6D560E052858EB720024F4AD /* Third */,
				6DB8DC2528588FBA00AB0659 /* Assets.xcassets */,
				6DB8DC2728588FBA00AB0659 /* LaunchScreen.storyboard */,
				6DB8DC2A28588FBA00AB0659 /* Info.plist */,
			);
			path = HomeWork_10;
			sourceTree = "<group>";
		};
/* End PBXGroup section */

/* Begin PBXNativeTarget section */
		6DB8DC1828588FB900AB0659 /* HomeWork_10 */ = {
			isa = PBXNativeTarget;
			buildConfigurationList = 6DB8DC2D28588FBA00AB0659 /* Build configuration list for PBXNativeTarget "HomeWork_10" */;
			buildPhases = (
				6DB8DC1528588FB900AB0659 /* Sources */,
				6DB8DC1628588FB900AB0659 /* Frameworks */,
				6DB8DC1728588FB900AB0659 /* Resources */,
			);
			buildRules = (
			);
			dependencies = (
			);
			name = HomeWork_10;
			productName = HomeWork_10;
			productReference = 6DB8DC1928588FB900AB0659 /* HomeWork_10.app */;
			productType = "com.apple.product-type.application";
		};
/* End PBXNativeTarget section */

/* Begin PBXProject section */
		6DB8DC1128588FB900AB0659 /* Project object */ = {
			isa = PBXProject;
			attributes = {
				BuildIndependentTargetsInParallel = 1;
				LastSwiftUpdateCheck = 1340;
				LastUpgradeCheck = 1340;
				TargetAttributes = {
					6DB8DC1828588FB900AB0659 = {
						CreatedOnToolsVersion = 13.4.1;
					};
				};
			};
			buildConfigurationList = 6DB8DC1428588FB900AB0659 /* Build configuration list for PBXProject "HomeWork_10" */;
			compatibilityVersion = "Xcode 13.0";
			developmentRegion = en;
			hasScannedForEncodings = 0;
			knownRegions = (
				en,
				Base,
			);
			mainGroup = 6DB8DC1028588FB900AB0659;
			productRefGroup = 6DB8DC1A28588FB900AB0659 /* Products */;
			projectDirPath = "";
			projectRoot = "";
			targets = (
				6DB8DC1828588FB900AB0659 /* HomeWork_10 */,
			);
		};
/* End PBXProject section */

/* Begin PBXResourcesBuildPhase section */
		6DB8DC1728588FB900AB0659 /* Resources */ = {
			isa = PBXResourcesBuildPhase;
			buildActionMask = 2147483647;
			files = (
				6D560E042858EB6C0024F4AD /* Carusel.storyboard in Resources */,
				6DB8DC2928588FBA00AB0659 /* LaunchScreen.storyboard in Resources */,
				6DB8DC2628588FBA00AB0659 /* Assets.xcassets in Resources */,
				6DB8DC2428588FB900AB0659 /* Main.storyboard in Resources */,
			);
			runOnlyForDeploymentPostprocessing = 0;
		};
/* End PBXResourcesBuildPhase section */

/* Begin PBXSourcesBuildPhase section */
		6DB8DC1528588FB900AB0659 /* Sources */ = {
			isa = PBXSourcesBuildPhase;
			buildActionMask = 2147483647;
			files = (
				6D560E002858EB510024F4AD /* CaruselViewController.swift in Sources */,
				6D14CC0A2859CEB7003133CE /* ImageModel.swift in Sources */,
				6DB8DC2128588FB900AB0659 /* CircleViewController.swift in Sources */,
				6DB8DC1D28588FB900AB0659 /* AppDelegate.swift in Sources */,
				6DB8DC1F28588FB900AB0659 /* SceneDelegate.swift in Sources */,
			);
			runOnlyForDeploymentPostprocessing = 0;
		};
/* End PBXSourcesBuildPhase section */

/* Begin PBXVariantGroup section */
		6DB8DC2228588FB900AB0659 /* Main.storyboard */ = {
			isa = PBXVariantGroup;
			children = (
				6DB8DC2328588FB900AB0659 /* Base */,
			);
			name = Main.storyboard;
			sourceTree = "<group>";
		};
		6DB8DC2728588FBA00AB0659 /* LaunchScreen.storyboard */ = {
			isa = PBXVariantGroup;
			children = (
				6DB8DC2828588FBA00AB0659 /* Base */,
			);
			name = LaunchScreen.storyboard;
			sourceTree = "<group>";
		};
/* End PBXVariantGroup section */

/* Begin XCBuildConfiguration section */
		6DB8DC2B28588FBA00AB0659 /* Debug */ = {
			isa = XCBuildConfiguration;
			buildSettings = {
				ALWAYS_SEARCH_USER_PATHS = NO;
				CLANG_ANALYZER_NONNULL = YES;
				CLANG_ANALYZER_NUMBER_OBJECT_CONVERSION = YES_AGGRESSIVE;
				CLANG_CXX_LANGUAGE_STANDARD = "gnu++17";
				CLANG_ENABLE_MODULES = YES;
				CLANG_ENABLE_OBJC_ARC = YES;
				CLANG_ENABLE_OBJC_WEAK = YES;
				CLANG_WARN_BLOCK_CAPTURE_AUTORELEASING = YES;
				CLANG_WARN_BOOL_CONVERSION = YES;
				CLANG_WARN_COMMA = YES;
				CLANG_WARN_CONSTANT_CONVERSION = YES;
				CLANG_WARN_DEPRECATED_OBJC_IMPLEMENTATIONS = YES;
				CLANG_WARN_DIRECT_OBJC_ISA_USAGE = YES_ERROR;
				CLANG_WARN_DOCUMENTATION_COMMENTS = YES;
				CLANG_WARN_EMPTY_BODY = YES;
				CLANG_WARN_ENUM_CONVERSION = YES;
				CLANG_WARN_INFINITE_RECURSION = YES;
				CLANG_WARN_INT_CONVERSION = YES;
				CLANG_WARN_NON_LITERAL_NULL_CONVERSION = YES;
				CLANG_WARN_OBJC_IMPLICIT_RETAIN_SELF = YES;
				CLANG_WARN_OBJC_LITERAL_CONVERSION = YES;
				CLANG_WARN_OBJC_ROOT_CLASS = YES_ERROR;
				CLANG_WARN_QUOTED_INCLUDE_IN_FRAMEWORK_HEADER = YES;
				CLANG_WARN_RANGE_LOOP_ANALYSIS = YES;
				CLANG_WARN_STRICT_PROTOTYPES = YES;
				CLANG_WARN_SUSPICIOUS_MOVE = YES;
				CLANG_WARN_UNGUARDED_AVAILABILITY = YES_AGGRESSIVE;
				CLANG_WARN_UNREACHABLE_CODE = YES;
				CLANG_WARN__DUPLICATE_METHOD_MATCH = YES;
				COPY_PHASE_STRIP = NO;
				DEBUG_INFORMATION_FORMAT = dwarf;
				ENABLE_STRICT_OBJC_MSGSEND = YES;
				ENABLE_TESTABILITY = YES;
				GCC_C_LANGUAGE_STANDARD = gnu11;
				GCC_DYNAMIC_NO_PIC = NO;
				GCC_NO_COMMON_BLOCKS = YES;
				GCC_OPTIMIZATION_LEVEL = 0;
				GCC_PREPROCESSOR_DEFINITIONS = (
					"DEBUG=1",
					"$(inherited)",
				);
				GCC_WARN_64_TO_32_BIT_CONVERSION = YES;
				GCC_WARN_ABOUT_RETURN_TYPE = YES_ERROR;
				GCC_WARN_UNDECLARED_SELECTOR = YES;
				GCC_WARN_UNINITIALIZED_AUTOS = YES_AGGRESSIVE;
				GCC_WARN_UNUSED_FUNCTION = YES;
				GCC_WARN_UNUSED_VARIABLE = YES;
				IPHONEOS_DEPLOYMENT_TARGET = 13.0;
				MTL_ENABLE_DEBUG_INFO = INCLUDE_SOURCE;
				MTL_FAST_MATH = YES;
				ONLY_ACTIVE_ARCH = YES;
				SDKROOT = iphoneos;
				SWIFT_ACTIVE_COMPILATION_CONDITIONS = DEBUG;
				SWIFT_OPTIMIZATION_LEVEL = "-Onone";
			};
			name = Debug;
		};
		6DB8DC2C28588FBA00AB0659 /* Release */ = {
			isa = XCBuildConfiguration;
			buildSettings = {
				ALWAYS_SEARCH_USER_PATHS = NO;
				CLANG_ANALYZER_NONNULL = YES;
				CLANG_ANALYZER_NUMBER_OBJECT_CONVERSION = YES_AGGRESSIVE;
				CLANG_CXX_LANGUAGE_STANDARD = "gnu++17";
				CLANG_ENABLE_MODULES = YES;
				CLANG_ENABLE_OBJC_ARC = YES;
				CLANG_ENABLE_OBJC_WEAK = YES;
				CLANG_WARN_BLOCK_CAPTURE_AUTORELEASING = YES;
				CLANG_WARN_BOOL_CONVERSION = YES;
				CLANG_WARN_COMMA = YES;
				CLANG_WARN_CONSTANT_CONVERSION = YES;
				CLANG_WARN_DEPRECATED_OBJC_IMPLEMENTATIONS = YES;
				CLANG_WARN_DIRECT_OBJC_ISA_USAGE = YES_ERROR;
				CLANG_WARN_DOCUMENTATION_COMMENTS = YES;
				CLANG_WARN_EMPTY_BODY = YES;
				CLANG_WARN_ENUM_CONVERSION = YES;
				CLANG_WARN_INFINITE_RECURSION = YES;
				CLANG_WARN_INT_CONVERSION = YES;
				CLANG_WARN_NON_LITERAL_NULL_CONVERSION = YES;
				CLANG_WARN_OBJC_IMPLICIT_RETAIN_SELF = YES;
				CLANG_WARN_OBJC_LITERAL_CONVERSION = YES;
				CLANG_WARN_OBJC_ROOT_CLASS = YES_ERROR;
				CLANG_WARN_QUOTED_INCLUDE_IN_FRAMEWORK_HEADER = YES;
				CLANG_WARN_RANGE_LOOP_ANALYSIS = YES;
				CLANG_WARN_STRICT_PROTOTYPES = YES;
				CLANG_WARN_SUSPICIOUS_MOVE = YES;
				CLANG_WARN_UNGUARDED_AVAILABILITY = YES_AGGRESSIVE;
				CLANG_WARN_UNREACHABLE_CODE = YES;
				CLANG_WARN__DUPLICATE_METHOD_MATCH = YES;
				COPY_PHASE_STRIP = NO;
				DEBUG_INFORMATION_FORMAT = "dwarf-with-dsym";
				ENABLE_NS_ASSERTIONS = NO;
				ENABLE_STRICT_OBJC_MSGSEND = YES;
				GCC_C_LANGUAGE_STANDARD = gnu11;
				GCC_NO_COMMON_BLOCKS = YES;
				GCC_WARN_64_TO_32_BIT_CONVERSION = YES;
				GCC_WARN_ABOUT_RETURN_TYPE = YES_ERROR;
				GCC_WARN_UNDECLARED_SELECTOR = YES;
				GCC_WARN_UNINITIALIZED_AUTOS = YES_AGGRESSIVE;
				GCC_WARN_UNUSED_FUNCTION = YES;
				GCC_WARN_UNUSED_VARIABLE = YES;
				IPHONEOS_DEPLOYMENT_TARGET = 13.0;
				MTL_ENABLE_DEBUG_INFO = NO;
				MTL_FAST_MATH = YES;
				SDKROOT = iphoneos;
				SWIFT_COMPILATION_MODE = wholemodule;
				SWIFT_OPTIMIZATION_LEVEL = "-O";
				VALIDATE_PRODUCT = YES;
			};
			name = Release;
		};
		6DB8DC2E28588FBA00AB0659 /* Debug */ = {
			isa = XCBuildConfiguration;
			buildSettings = {
				ASSETCATALOG_COMPILER_APPICON_NAME = AppIcon;
				ASSETCATALOG_COMPILER_GLOBAL_ACCENT_COLOR_NAME = AccentColor;
				CODE_SIGN_STYLE = Automatic;
				CURRENT_PROJECT_VERSION = 1;
				DEVELOPMENT_TEAM = G7XKHBTD53;
				GENERATE_INFOPLIST_FILE = YES;
				INFOPLIST_FILE = HomeWork_10/Info.plist;
				INFOPLIST_KEY_UIApplicationSupportsIndirectInputEvents = YES;
				INFOPLIST_KEY_UILaunchStoryboardName = LaunchScreen;
				INFOPLIST_KEY_UIMainStoryboardFile = Main;
				INFOPLIST_KEY_UISupportedInterfaceOrientations_iPad = "UIInterfaceOrientationPortrait UIInterfaceOrientationPortraitUpsideDown UIInterfaceOrientationLandscapeLeft UIInterfaceOrientationLandscapeRight";
				INFOPLIST_KEY_UISupportedInterfaceOrientations_iPhone = "UIInterfaceOrientationPortrait UIInterfaceOrientationLandscapeLeft UIInterfaceOrientationLandscapeRight";
				LD_RUNPATH_SEARCH_PATHS = (
					"$(inherited)",
					"@executable_path/Frameworks",
				);
				MARKETING_VERSION = 1.0;
				PRODUCT_BUNDLE_IDENTIFIER = "Nikita-Pishchugin.HomeWork-10";
				PRODUCT_NAME = "$(TARGET_NAME)";
				SWIFT_EMIT_LOC_STRINGS = YES;
				SWIFT_VERSION = 5.0;
				TARGETED_DEVICE_FAMILY = "1,2";
			};
			name = Debug;
		};
		6DB8DC2F28588FBA00AB0659 /* Release */ = {
			isa = XCBuildConfiguration;
			buildSettings = {
				ASSETCATALOG_COMPILER_APPICON_NAME = AppIcon;
				ASSETCATALOG_COMPILER_GLOBAL_ACCENT_COLOR_NAME = AccentColor;
				CODE_SIGN_STYLE = Automatic;
				CURRENT_PROJECT_VERSION = 1;
				DEVELOPMENT_TEAM = G7XKHBTD53;
				GENERATE_INFOPLIST_FILE = YES;
				INFOPLIST_FILE = HomeWork_10/Info.plist;
				INFOPLIST_KEY_UIApplicationSupportsIndirectInputEvents = YES;
				INFOPLIST_KEY_UILaunchStoryboardName = LaunchScreen;
				INFOPLIST_KEY_UIMainStoryboardFile = Main;
				INFOPLIST_KEY_UISupportedInterfaceOrientations_iPad = "UIInterfaceOrientationPortrait UIInterfaceOrientationPortraitUpsideDown UIInterfaceOrientationLandscapeLeft UIInterfaceOrientationLandscapeRight";
				INFOPLIST_KEY_UISupportedInterfaceOrientations_iPhone = "UIInterfaceOrientationPortrait UIInterfaceOrientationLandscapeLeft UIInterfaceOrientationLandscapeRight";
				LD_RUNPATH_SEARCH_PATHS = (
					"$(inherited)",
					"@executable_path/Frameworks",
				);
				MARKETING_VERSION = 1.0;
				PRODUCT_BUNDLE_IDENTIFIER = "Nikita-Pishchugin.HomeWork-10";
				PRODUCT_NAME = "$(TARGET_NAME)";
				SWIFT_EMIT_LOC_STRINGS = YES;
				SWIFT_VERSION = 5.0;
				TARGETED_DEVICE_FAMILY = "1,2";
			};
			name = Release;
		};
/* End XCBuildConfiguration section */

/* Begin XCConfigurationList section */
		6DB8DC1428588FB900AB0659 /* Build configuration list for PBXProject "HomeWork_10" */ = {
			isa = XCConfigurationList;
			buildConfigurations = (
				6DB8DC2B28588FBA00AB0659 /* Debug */,
				6DB8DC2C28588FBA00AB0659 /* Release */,
			);
			defaultConfigurationIsVisible = 0;
			defaultConfigurationName = Release;
		};
		6DB8DC2D28588FBA00AB0659 /* Build configuration list for PBXNativeTarget "HomeWork_10" */ = {
			isa = XCConfigurationList;
			buildConfigurations = (
				6DB8DC2E28588FBA00AB0659 /* Debug */,
				6DB8DC2F28588FBA00AB0659 /* Release */,
			);
			defaultConfigurationIsVisible = 0;
			defaultConfigurationName = Release;
		};
/* End XCConfigurationList section */
	};
	rootObject = 6DB8DC1128588FB900AB0659 /* Project object */;
}
